
Microsoft Visual Studio Solution File, Format Version 12.00
# Visual Studio Version 17
VisualStudioVersion = 17.1.32319.34
MinimumVisualStudioVersion = 10.0.40219.1
Project("{8BC9CEB8-8B4A-11D0-8D11-00A0C91BC942}") = "Calculateur", "CalculcateurIti\CalculcateurIti.vcxproj", "{C39E8095-7846-4CDF-A6CE-51BA09C12902}"
EndProject
Project("{8BC9CEB8-8B4A-11D0-8D11-00A0C91BC942}") = "Module inout", "Module inout\Module inout.vcxproj", "{A456BE4E-D066-4910-8F1B-DE5C86920141}"
EndProject
Global
	GlobalSection(SolutionConfigurationPlatforms) = preSolution
		Debug|x64 = Debug|x64
		Debug|x86 = Debug|x86
		Release|x64 = Release|x64
		Release|x86 = Release|x86
	EndGlobalSection
	GlobalSection(ProjectConfigurationPlatforms) = postSolution
		{C39E8095-7846-4CDF-A6CE-51BA09C12902}.Debug|x64.ActiveCfg = Debug|x64
		{C39E8095-7846-4CDF-A6CE-51BA09C12902}.Debug|x64.Build.0 = Debug|x64
		{C39E8095-7846-4CDF-A6CE-51BA09C12902}.Debug|x86.ActiveCfg = Debug|Win32
		{C39E8095-7846-4CDF-A6CE-51BA09C12902}.Debug|x86.Build.0 = Debug|Win32
		{C39E8095-7846-4CDF-A6CE-51BA09C12902}.Release|x64.ActiveCfg = Release|x64
		{C39E8095-7846-4CDF-A6CE-51BA09C12902}.Release|x64.Build.0 = Release|x64
		{C39E8095-7846-4CDF-A6CE-51BA09C12902}.Release|x86.ActiveCfg = Release|Win32
		{C39E8095-7846-4CDF-A6CE-51BA09C12902}.Release|x86.Build.0 = Release|Win32
		{A456BE4E-D066-4910-8F1B-DE5C86920141}.Debug|x64.ActiveCfg = Debug|x64
		{A456BE4E-D066-4910-8F1B-DE5C86920141}.Debug|x64.Build.0 = Debug|x64
		{A456BE4E-D066-4910-8F1B-DE5C86920141}.Debug|x86.ActiveCfg = Debug|Win32
		{A456BE4E-D066-4910-8F1B-DE5C86920141}.Debug|x86.Build.0 = Debug|Win32
		{A456BE4E-D066-4910-8F1B-DE5C86920141}.Release|x64.ActiveCfg = Release|x64
		{A456BE4E-D066-4910-8F1B-DE5C86920141}.Release|x64.Build.0 = Release|x64
		{A456BE4E-D066-4910-8F1B-DE5C86920141}.Release|x86.ActiveCfg = Release|Win32
		{A456BE4E-D066-4910-8F1B-DE5C86920141}.Release|x86.Build.0 = Release|Win32
	EndGlobalSection
	GlobalSection(SolutionProperties) = preSolution
		HideSolutionNode = FALSE
	EndGlobalSection
	GlobalSection(ExtensibilityGlobals) = postSolution
		SolutionGuid = {C6FB1F91-8D8B-41AC-A080-13938C9B79FE}
	EndGlobalSection
EndGlobal
